
Microsoft Visual Studio Solution File, Format Version 12.00
# Visual Studio Version 17
VisualStudioVersion = 17.4.33213.308
MinimumVisualStudioVersion = 10.0.40219.1
Project("{9A19103F-16F7-4668-BE54-9A1E7A4F7556}") = "UI", "UI\UI.csproj", "{427A23ED-C670-4811-92D2-E971507EB183}"
EndProject
Project("{9A19103F-16F7-4668-BE54-9A1E7A4F7556}") = "Common", "Common\Common.csproj", "{6042D076-6BD0-4D3C-9416-5D087EF73C4E}"
EndProject
Global
	GlobalSection(SolutionConfigurationPlatforms) = preSolution
		Debug|Any CPU = Debug|Any CPU
		Release|Any CPU = Release|Any CPU
	EndGlobalSection
	GlobalSection(ProjectConfigurationPlatforms) = postSolution
		{427A23ED-C670-4811-92D2-E971507EB183}.Debug|Any CPU.ActiveCfg = Debug|Any CPU
		{427A23ED-C670-4811-92D2-E971507EB183}.Debug|Any CPU.Build.0 = Debug|Any CPU
		{427A23ED-C670-4811-92D2-E971507EB183}.Release|Any CPU.ActiveCfg = Release|Any CPU
		{427A23ED-C670-4811-92D2-E971507EB183}.Release|Any CPU.Build.0 = Release|Any CPU
		{6042D076-6BD0-4D3C-9416-5D087EF73C4E}.Debug|Any CPU.ActiveCfg = Debug|Any CPU
		{6042D076-6BD0-4D3C-9416-5D087EF73C4E}.Debug|Any CPU.Build.0 = Debug|Any CPU
		{6042D076-6BD0-4D3C-9416-5D087EF73C4E}.Release|Any CPU.ActiveCfg = Release|Any CPU
		{6042D076-6BD0-4D3C-9416-5D087EF73C4E}.Release|Any CPU.Build.0 = Release|Any CPU
	EndGlobalSection
	GlobalSection(SolutionProperties) = preSolution
		HideSolutionNode = FALSE
	EndGlobalSection
	GlobalSection(ExtensibilityGlobals) = postSolution
		SolutionGuid = {2EA615BE-467D-45EC-B918-D793B4EFA048}
	EndGlobalSection
EndGlobal
